// !$*UTF8*$!
{
	archiveVersion = 1;
	classes = {
	};
	objectVersion = 46;
	objects = {

/* Begin PBXBuildFile section */
		F8316E2516F1D6CE004AFF07 /* UIKit.framework in Frameworks */ = {isa = PBXBuildFile; fileRef = F8316E2416F1D6CE004AFF07 /* UIKit.framework */; };
		F8316E2716F1D6CE004AFF07 /* Foundation.framework in Frameworks */ = {isa = PBXBuildFile; fileRef = F8316E2616F1D6CE004AFF07 /* Foundation.framework */; };
		F8316E2916F1D6CE004AFF07 /* CoreGraphics.framework in Frameworks */ = {isa = PBXBuildFile; fileRef = F8316E2816F1D6CE004AFF07 /* CoreGraphics.framework */; };
		F8316E2F16F1D6CE004AFF07 /* InfoPlist.strings in Resources */ = {isa = PBXBuildFile; fileRef = F8316E2D16F1D6CE004AFF07 /* InfoPlist.strings */; };
		F8316E3116F1D6CE004AFF07 /* main.m in Sources */ = {isa = PBXBuildFile; fileRef = F8316E3016F1D6CE004AFF07 /* main.m */; };
		F8316E3516F1D6CE004AFF07 /* SimAppDelegate.m in Sources */ = {isa = PBXBuildFile; fileRef = F8316E3416F1D6CE004AFF07 /* SimAppDelegate.m */; };
		F8316E3716F1D6CE004AFF07 /* Default.png in Resources */ = {isa = PBXBuildFile; fileRef = F8316E3616F1D6CE004AFF07 /* Default.png */; };
		F8316E3916F1D6CE004AFF07 /* Default@2x.png in Resources */ = {isa = PBXBuildFile; fileRef = F8316E3816F1D6CE004AFF07 /* Default@2x.png */; };
		F8316E3B16F1D6CE004AFF07 /* Default-568h@2x.png in Resources */ = {isa = PBXBuildFile; fileRef = F8316E3A16F1D6CE004AFF07 /* Default-568h@2x.png */; };
		F8316E7C16F1D6CE004AFF07 /* SimDebugToolPad.m in Sources */ = {isa = PBXBuildFile; fileRef = F8316E6916F1D6CE004AFF07 /* SimDebugToolPad.m */; };
		F8316E7D16F1D6CE004AFF07 /* SimDebugView.m in Sources */ = {isa = PBXBuildFile; fileRef = F8316E6B16F1D6CE004AFF07 /* SimDebugView.m */; };
		F8C2331B1713E0EC000E98B7 /* SimBadgeView.m in Sources */ = {isa = PBXBuildFile; fileRef = F8C2330E1713E0EC000E98B7 /* SimBadgeView.m */; };
		F8C2331C1713E0EC000E98B7 /* SimSegmentBar.m in Sources */ = {isa = PBXBuildFile; fileRef = F8C233101713E0EC000E98B7 /* SimSegmentBar.m */; };
		F8C2331D1713E0EC000E98B7 /* SimTabBarItem.m in Sources */ = {isa = PBXBuildFile; fileRef = F8C233131713E0EC000E98B7 /* SimTabBarItem.m */; };
		F8C2331F1713E0EC000E98B7 /* SimBottomTabBarVC.m in Sources */ = {isa = PBXBuildFile; fileRef = F8C233181713E0EC000E98B7 /* SimBottomTabBarVC.m */; };
		F8C233201713E0EC000E98B7 /* SimTopTabBarVC.m in Sources */ = {isa = PBXBuildFile; fileRef = F8C2331A1713E0EC000E98B7 /* SimTopTabBarVC.m */; };
		F8C233261713E11C000E98B7 /* SimCustomeNavCtrl.m in Sources */ = {isa = PBXBuildFile; fileRef = F8C233231713E11C000E98B7 /* SimCustomeNavCtrl.m */; };
		F8C233271713E11C000E98B7 /* UINavigationBar+addition.m in Sources */ = {isa = PBXBuildFile; fileRef = F8C233251713E11C000E98B7 /* UINavigationBar+addition.m */; };
/* End PBXBuildFile section */

/* Begin PBXFileReference section */
		F8316E2116F1D6CE004AFF07 /* SimUtility.app */ = {isa = PBXFileReference; explicitFileType = wrapper.application; includeInIndex = 0; path = SimUtility.app; sourceTree = BUILT_PRODUCTS_DIR; };
		F8316E2416F1D6CE004AFF07 /* UIKit.framework */ = {isa = PBXFileReference; lastKnownFileType = wrapper.framework; name = UIKit.framework; path = System/Library/Frameworks/UIKit.framework; sourceTree = SDKROOT; };
		F8316E2616F1D6CE004AFF07 /* Foundation.framework */ = {isa = PBXFileReference; lastKnownFileType = wrapper.framework; name = Foundation.framework; path = System/Library/Frameworks/Foundation.framework; sourceTree = SDKROOT; };
		F8316E2816F1D6CE004AFF07 /* CoreGraphics.framework */ = {isa = PBXFileReference; lastKnownFileType = wrapper.framework; name = CoreGraphics.framework; path = System/Library/Frameworks/CoreGraphics.framework; sourceTree = SDKROOT; };
		F8316E2C16F1D6CE004AFF07 /* SimUtility-Info.plist */ = {isa = PBXFileReference; lastKnownFileType = text.plist.xml; path = "SimUtility-Info.plist"; sourceTree = "<group>"; };
		F8316E2E16F1D6CE004AFF07 /* en */ = {isa = PBXFileReference; lastKnownFileType = text.plist.strings; name = en; path = en.lproj/InfoPlist.strings; sourceTree = "<group>"; };
		F8316E3016F1D6CE004AFF07 /* main.m */ = {isa = PBXFileReference; lastKnownFileType = sourcecode.c.objc; path = main.m; sourceTree = "<group>"; };
		F8316E3216F1D6CE004AFF07 /* SimUtility-Prefix.pch */ = {isa = PBXFileReference; lastKnownFileType = sourcecode.c.h; path = "SimUtility-Prefix.pch"; sourceTree = "<group>"; };
		F8316E3316F1D6CE004AFF07 /* SimAppDelegate.h */ = {isa = PBXFileReference; lastKnownFileType = sourcecode.c.h; path = SimAppDelegate.h; sourceTree = "<group>"; };
		F8316E3416F1D6CE004AFF07 /* SimAppDelegate.m */ = {isa = PBXFileReference; lastKnownFileType = sourcecode.c.objc; path = SimAppDelegate.m; sourceTree = "<group>"; };
		F8316E3616F1D6CE004AFF07 /* Default.png */ = {isa = PBXFileReference; lastKnownFileType = image.png; path = Default.png; sourceTree = "<group>"; };
		F8316E3816F1D6CE004AFF07 /* Default@2x.png */ = {isa = PBXFileReference; lastKnownFileType = image.png; path = "Default@2x.png"; sourceTree = "<group>"; };
		F8316E3A16F1D6CE004AFF07 /* Default-568h@2x.png */ = {isa = PBXFileReference; lastKnownFileType = image.png; path = "Default-568h@2x.png"; sourceTree = "<group>"; };
		F8316E6816F1D6CE004AFF07 /* SimDebugToolPad.h */ = {isa = PBXFileReference; fileEncoding = 4; lastKnownFileType = sourcecode.c.h; path = SimDebugToolPad.h; sourceTree = "<group>"; };
		F8316E6916F1D6CE004AFF07 /* SimDebugToolPad.m */ = {isa = PBXFileReference; fileEncoding = 4; lastKnownFileType = sourcecode.c.objc; path = SimDebugToolPad.m; sourceTree = "<group>"; };
		F8316E6A16F1D6CE004AFF07 /* SimDebugView.h */ = {isa = PBXFileReference; fileEncoding = 4; lastKnownFileType = sourcecode.c.h; path = SimDebugView.h; sourceTree = "<group>"; };
		F8316E6B16F1D6CE004AFF07 /* SimDebugView.m */ = {isa = PBXFileReference; fileEncoding = 4; lastKnownFileType = sourcecode.c.objc; path = SimDebugView.m; sourceTree = "<group>"; };
		F8316E7916F1D6CE004AFF07 /* SynthesizeSingleton.h */ = {isa = PBXFileReference; fileEncoding = 4; lastKnownFileType = sourcecode.c.h; path = SynthesizeSingleton.h; sourceTree = "<group>"; };
		F8316E8316F1D6CE004AFF07 /* SimDefine.h */ = {isa = PBXFileReference; lastKnownFileType = sourcecode.c.h; path = SimDefine.h; sourceTree = "<group>"; };
		F8C2330D1713E0EC000E98B7 /* SimBadgeView.h */ = {isa = PBXFileReference; fileEncoding = 4; lastKnownFileType = sourcecode.c.h; path = SimBadgeView.h; sourceTree = "<group>"; };
		F8C2330E1713E0EC000E98B7 /* SimBadgeView.m */ = {isa = PBXFileReference; fileEncoding = 4; lastKnownFileType = sourcecode.c.objc; path = SimBadgeView.m; sourceTree = "<group>"; };
		F8C2330F1713E0EC000E98B7 /* SimSegmentBar.h */ = {isa = PBXFileReference; fileEncoding = 4; lastKnownFileType = sourcecode.c.h; path = SimSegmentBar.h; sourceTree = "<group>"; };
		F8C233101713E0EC000E98B7 /* SimSegmentBar.m */ = {isa = PBXFileReference; fileEncoding = 4; lastKnownFileType = sourcecode.c.objc; path = SimSegmentBar.m; sourceTree = "<group>"; };
		F8C233111713E0EC000E98B7 /* SimSegmentBarDelegate.h */ = {isa = PBXFileReference; fileEncoding = 4; lastKnownFileType = sourcecode.c.h; path = SimSegmentBarDelegate.h; sourceTree = "<group>"; };
		F8C233121713E0EC000E98B7 /* SimTabBarItem.h */ = {isa = PBXFileReference; fileEncoding = 4; lastKnownFileType = sourcecode.c.h; path = SimTabBarItem.h; sourceTree = "<group>"; };
		F8C233131713E0EC000E98B7 /* SimTabBarItem.m */ = {isa = PBXFileReference; fileEncoding = 4; lastKnownFileType = sourcecode.c.objc; path = SimTabBarItem.m; sourceTree = "<group>"; };
		F8C233171713E0EC000E98B7 /* SimBottomTabBarVC.h */ = {isa = PBXFileReference; fileEncoding = 4; lastKnownFileType = sourcecode.c.h; path = SimBottomTabBarVC.h; sourceTree = "<group>"; };
		F8C233181713E0EC000E98B7 /* SimBottomTabBarVC.m */ = {isa = PBXFileReference; fileEncoding = 4; lastKnownFileType = sourcecode.c.objc; path = SimBottomTabBarVC.m; sourceTree = "<group>"; };
		F8C233191713E0EC000E98B7 /* SimTopTabBarVC.h */ = {isa = PBXFileReference; fileEncoding = 4; lastKnownFileType = sourcecode.c.h; path = SimTopTabBarVC.h; sourceTree = "<group>"; };
		F8C2331A1713E0EC000E98B7 /* SimTopTabBarVC.m */ = {isa = PBXFileReference; fileEncoding = 4; lastKnownFileType = sourcecode.c.objc; path = SimTopTabBarVC.m; sourceTree = "<group>"; };
		F8C233221713E11C000E98B7 /* SimCustomeNavCtrl.h */ = {isa = PBXFileReference; fileEncoding = 4; lastKnownFileType = sourcecode.c.h; path = SimCustomeNavCtrl.h; sourceTree = "<group>"; };
		F8C233231713E11C000E98B7 /* SimCustomeNavCtrl.m */ = {isa = PBXFileReference; fileEncoding = 4; lastKnownFileType = sourcecode.c.objc; path = SimCustomeNavCtrl.m; sourceTree = "<group>"; };
		F8C233241713E11C000E98B7 /* UINavigationBar+addition.h */ = {isa = PBXFileReference; fileEncoding = 4; lastKnownFileType = sourcecode.c.h; path = "UINavigationBar+addition.h"; sourceTree = "<group>"; };
		F8C233251713E11C000E98B7 /* UINavigationBar+addition.m */ = {isa = PBXFileReference; fileEncoding = 4; lastKnownFileType = sourcecode.c.objc; path = "UINavigationBar+addition.m"; sourceTree = "<group>"; };
/* End PBXFileReference section */

/* Begin PBXFrameworksBuildPhase section */
		F8316E1E16F1D6CE004AFF07 /* Frameworks */ = {
			isa = PBXFrameworksBuildPhase;
			buildActionMask = 2147483647;
			files = (
				F8316E2516F1D6CE004AFF07 /* UIKit.framework in Frameworks */,
				F8316E2716F1D6CE004AFF07 /* Foundation.framework in Frameworks */,
				F8316E2916F1D6CE004AFF07 /* CoreGraphics.framework in Frameworks */,
			);
			runOnlyForDeploymentPostprocessing = 0;
		};
/* End PBXFrameworksBuildPhase section */

/* Begin PBXGroup section */
		F8316E1816F1D6CE004AFF07 = {
			isa = PBXGroup;
			children = (
				F8316E2A16F1D6CE004AFF07 /* SimUtility */,
				F8316E2316F1D6CE004AFF07 /* Frameworks */,
				F8316E2216F1D6CE004AFF07 /* Products */,
			);
			sourceTree = "<group>";
		};
		F8316E2216F1D6CE004AFF07 /* Products */ = {
			isa = PBXGroup;
			children = (
				F8316E2116F1D6CE004AFF07 /* SimUtility.app */,
			);
			name = Products;
			sourceTree = "<group>";
		};
		F8316E2316F1D6CE004AFF07 /* Frameworks */ = {
			isa = PBXGroup;
			children = (
				F8316E2416F1D6CE004AFF07 /* UIKit.framework */,
				F8316E2616F1D6CE004AFF07 /* Foundation.framework */,
				F8316E2816F1D6CE004AFF07 /* CoreGraphics.framework */,
			);
			name = Frameworks;
			sourceTree = "<group>";
		};
		F8316E2A16F1D6CE004AFF07 /* SimUtility */ = {
			isa = PBXGroup;
			children = (
				F8316E6116F1D6CE004AFF07 /* Utility */,
				F8316E3316F1D6CE004AFF07 /* SimAppDelegate.h */,
				F8316E3416F1D6CE004AFF07 /* SimAppDelegate.m */,
				F8316E2B16F1D6CE004AFF07 /* Supporting Files */,
			);
			path = SimUtility;
			sourceTree = "<group>";
		};
		F8316E2B16F1D6CE004AFF07 /* Supporting Files */ = {
			isa = PBXGroup;
			children = (
				F8316E2C16F1D6CE004AFF07 /* SimUtility-Info.plist */,
				F8316E2D16F1D6CE004AFF07 /* InfoPlist.strings */,
				F8316E3016F1D6CE004AFF07 /* main.m */,
				F8316E3216F1D6CE004AFF07 /* SimUtility-Prefix.pch */,
				F8316E3616F1D6CE004AFF07 /* Default.png */,
				F8316E3816F1D6CE004AFF07 /* Default@2x.png */,
				F8316E3A16F1D6CE004AFF07 /* Default-568h@2x.png */,
			);
			name = "Supporting Files";
			sourceTree = "<group>";
		};
		F8316E6116F1D6CE004AFF07 /* Utility */ = {
			isa = PBXGroup;
			children = (
				F8C233211713E11C000E98B7 /* NavCtrl */,
				F8C2330C1713E0EC000E98B7 /* SegmentBar */,
				F8C233141713E0EC000E98B7 /* TabBarVC */,
				F8316E6716F1D6CE004AFF07 /* DebugView */,
				F8316E7816F1D6CE004AFF07 /* UtilityDefine */,
			);
			path = Utility;
			sourceTree = SOURCE_ROOT;
		};
		F8316E6716F1D6CE004AFF07 /* DebugView */ = {
			isa = PBXGroup;
			children = (
				F8316E6816F1D6CE004AFF07 /* SimDebugToolPad.h */,
				F8316E6916F1D6CE004AFF07 /* SimDebugToolPad.m */,
				F8316E6A16F1D6CE004AFF07 /* SimDebugView.h */,
				F8316E6B16F1D6CE004AFF07 /* SimDebugView.m */,
			);
			path = DebugView;
			sourceTree = "<group>";
		};
		F8316E7816F1D6CE004AFF07 /* UtilityDefine */ = {
			isa = PBXGroup;
			children = (
				F8316E7916F1D6CE004AFF07 /* SynthesizeSingleton.h */,
				F8316E8316F1D6CE004AFF07 /* SimDefine.h */,
			);
			path = UtilityDefine;
			sourceTree = "<group>";
		};
		F8C2330C1713E0EC000E98B7 /* SegmentBar */ = {
			isa = PBXGroup;
			children = (
				F8C2330D1713E0EC000E98B7 /* SimBadgeView.h */,
				F8C2330E1713E0EC000E98B7 /* SimBadgeView.m */,
				F8C2330F1713E0EC000E98B7 /* SimSegmentBar.h */,
				F8C233101713E0EC000E98B7 /* SimSegmentBar.m */,
				F8C233111713E0EC000E98B7 /* SimSegmentBarDelegate.h */,
				F8C233121713E0EC000E98B7 /* SimTabBarItem.h */,
				F8C233131713E0EC000E98B7 /* SimTabBarItem.m */,
			);
			path = SegmentBar;
			sourceTree = "<group>";
		};
		F8C233141713E0EC000E98B7 /* TabBarVC */ = {
			isa = PBXGroup;
			children = (
				F8C233171713E0EC000E98B7 /* SimBottomTabBarVC.h */,
				F8C233181713E0EC000E98B7 /* SimBottomTabBarVC.m */,
				F8C233191713E0EC000E98B7 /* SimTopTabBarVC.h */,
				F8C2331A1713E0EC000E98B7 /* SimTopTabBarVC.m */,
			);
			path = TabBarVC;
			sourceTree = "<group>";
		};
		F8C233211713E11C000E98B7 /* NavCtrl */ = {
			isa = PBXGroup;
			children = (
				F8C233221713E11C000E98B7 /* SimCustomeNavCtrl.h */,
				F8C233231713E11C000E98B7 /* SimCustomeNavCtrl.m */,
				F8C233241713E11C000E98B7 /* UINavigationBar+addition.h */,
				F8C233251713E11C000E98B7 /* UINavigationBar+addition.m */,
			);
			path = NavCtrl;
			sourceTree = "<group>";
		};
/* End PBXGroup section */

/* Begin PBXNativeTarget section */
		F8316E2016F1D6CE004AFF07 /* SimUtility */ = {
			isa = PBXNativeTarget;
			buildConfigurationList = F8316E3E16F1D6CE004AFF07 /* Build configuration list for PBXNativeTarget "SimUtility" */;
			buildPhases = (
				F8316E1D16F1D6CE004AFF07 /* Sources */,
				F8316E1E16F1D6CE004AFF07 /* Frameworks */,
				F8316E1F16F1D6CE004AFF07 /* Resources */,
			);
			buildRules = (
			);
			dependencies = (
			);
			name = SimUtility;
			productName = SimUtility;
			productReference = F8316E2116F1D6CE004AFF07 /* SimUtility.app */;
			productType = "com.apple.product-type.application";
		};
/* End PBXNativeTarget section */

/* Begin PBXProject section */
		F8316E1916F1D6CE004AFF07 /* Project object */ = {
			isa = PBXProject;
			attributes = {
				CLASSPREFIX = Sim;
				LastUpgradeCheck = 0460;
			};
			buildConfigurationList = F8316E1C16F1D6CE004AFF07 /* Build configuration list for PBXProject "SimUtility" */;
			compatibilityVersion = "Xcode 3.2";
			developmentRegion = English;
			hasScannedForEncodings = 0;
			knownRegions = (
				en,
			);
			mainGroup = F8316E1816F1D6CE004AFF07;
			productRefGroup = F8316E2216F1D6CE004AFF07 /* Products */;
			projectDirPath = "";
			projectRoot = "";
			targets = (
				F8316E2016F1D6CE004AFF07 /* SimUtility */,
			);
		};
/* End PBXProject section */

/* Begin PBXResourcesBuildPhase section */
		F8316E1F16F1D6CE004AFF07 /* Resources */ = {
			isa = PBXResourcesBuildPhase;
			buildActionMask = 2147483647;
			files = (
				F8316E2F16F1D6CE004AFF07 /* InfoPlist.strings in Resources */,
				F8316E3716F1D6CE004AFF07 /* Default.png in Resources */,
				F8316E3916F1D6CE004AFF07 /* Default@2x.png in Resources */,
				F8316E3B16F1D6CE004AFF07 /* Default-568h@2x.png in Resources */,
			);
			runOnlyForDeploymentPostprocessing = 0;
		};
/* End PBXResourcesBuildPhase section */

/* Begin PBXSourcesBuildPhase section */
		F8316E1D16F1D6CE004AFF07 /* Sources */ = {
			isa = PBXSourcesBuildPhase;
			buildActionMask = 2147483647;
			files = (
				F8316E3116F1D6CE004AFF07 /* main.m in Sources */,
				F8316E3516F1D6CE004AFF07 /* SimAppDelegate.m in Sources */,
				F8316E7C16F1D6CE004AFF07 /* SimDebugToolPad.m in Sources */,
				F8316E7D16F1D6CE004AFF07 /* SimDebugView.m in Sources */,
				F8C2331B1713E0EC000E98B7 /* SimBadgeView.m in Sources */,
				F8C2331C1713E0EC000E98B7 /* SimSegmentBar.m in Sources */,
				F8C2331D1713E0EC000E98B7 /* SimTabBarItem.m in Sources */,
				F8C2331F1713E0EC000E98B7 /* SimBottomTabBarVC.m in Sources */,
				F8C233201713E0EC000E98B7 /* SimTopTabBarVC.m in Sources */,
				F8C233261713E11C000E98B7 /* SimCustomeNavCtrl.m in Sources */,
				F8C233271713E11C000E98B7 /* UINavigationBar+addition.m in Sources */,
			);
			runOnlyForDeploymentPostprocessing = 0;
		};
/* End PBXSourcesBuildPhase section */

/* Begin PBXVariantGroup section */
		F8316E2D16F1D6CE004AFF07 /* InfoPlist.strings */ = {
			isa = PBXVariantGroup;
			children = (
				F8316E2E16F1D6CE004AFF07 /* en */,
			);
			name = InfoPlist.strings;
			sourceTree = "<group>";
		};
/* End PBXVariantGroup section */

/* Begin XCBuildConfiguration section */
		F8316E3C16F1D6CE004AFF07 /* Debug */ = {
			isa = XCBuildConfiguration;
			buildSettings = {
				ALWAYS_SEARCH_USER_PATHS = NO;
				CLANG_CXX_LANGUAGE_STANDARD = "gnu++0x";
				CLANG_CXX_LIBRARY = "libc++";
				CLANG_WARN_CONSTANT_CONVERSION = YES;
				CLANG_WARN_EMPTY_BODY = YES;
				CLANG_WARN_ENUM_CONVERSION = YES;
				CLANG_WARN_INT_CONVERSION = YES;
				CLANG_WARN__DUPLICATE_METHOD_MATCH = YES;
				"CODE_SIGN_IDENTITY[sdk=iphoneos*]" = "iPhone Developer";
				COPY_PHASE_STRIP = NO;
				GCC_C_LANGUAGE_STANDARD = gnu99;
				GCC_DYNAMIC_NO_PIC = NO;
				GCC_OPTIMIZATION_LEVEL = 0;
				GCC_PREPROCESSOR_DEFINITIONS = (
					"DEBUG=1",
					"$(inherited)",
				);
				GCC_SYMBOLS_PRIVATE_EXTERN = NO;
				GCC_WARN_ABOUT_RETURN_TYPE = YES;
				GCC_WARN_UNINITIALIZED_AUTOS = YES;
				GCC_WARN_UNUSED_VARIABLE = YES;
				IPHONEOS_DEPLOYMENT_TARGET = 6.1;
				ONLY_ACTIVE_ARCH = YES;
				SDKROOT = iphoneos;
				TARGETED_DEVICE_FAMILY = "1,2";
			};
			name = Debug;
		};
		F8316E3D16F1D6CE004AFF07 /* Release */ = {
			isa = XCBuildConfiguration;
			buildSettings = {
				ALWAYS_SEARCH_USER_PATHS = NO;
				CLANG_CXX_LANGUAGE_STANDARD = "gnu++0x";
				CLANG_CXX_LIBRARY = "libc++";
				CLANG_WARN_CONSTANT_CONVERSION = YES;
				CLANG_WARN_EMPTY_BODY = YES;
				CLANG_WARN_ENUM_CONVERSION = YES;
				CLANG_WARN_INT_CONVERSION = YES;
				CLANG_WARN__DUPLICATE_METHOD_MATCH = YES;
				"CODE_SIGN_IDENTITY[sdk=iphoneos*]" = "iPhone Developer";
				COPY_PHASE_STRIP = YES;
				GCC_C_LANGUAGE_STANDARD = gnu99;
				GCC_WARN_ABOUT_RETURN_TYPE = YES;
				GCC_WARN_UNINITIALIZED_AUTOS = YES;
				GCC_WARN_UNUSED_VARIABLE = YES;
				IPHONEOS_DEPLOYMENT_TARGET = 6.1;
				OTHER_CFLAGS = "-DNS_BLOCK_ASSERTIONS=1";
				SDKROOT = iphoneos;
				TARGETED_DEVICE_FAMILY = "1,2";
				VALIDATE_PRODUCT = YES;
			};
			name = Release;
		};
		F8316E3F16F1D6CE004AFF07 /* Debug */ = {
			isa = XCBuildConfiguration;
			buildSettings = {
				GCC_PRECOMPILE_PREFIX_HEADER = YES;
				GCC_PREFIX_HEADER = "SimUtility/SimUtility-Prefix.pch";
				INFOPLIST_FILE = "SimUtility/SimUtility-Info.plist";
				PRODUCT_NAME = "$(TARGET_NAME)";
				WRAPPER_EXTENSION = app;
			};
			name = Debug;
		};
		F8316E4016F1D6CE004AFF07 /* Release */ = {
			isa = XCBuildConfiguration;
			buildSettings = {
				GCC_PRECOMPILE_PREFIX_HEADER = YES;
				GCC_PREFIX_HEADER = "SimUtility/SimUtility-Prefix.pch";
				INFOPLIST_FILE = "SimUtility/SimUtility-Info.plist";
				PRODUCT_NAME = "$(TARGET_NAME)";
				WRAPPER_EXTENSION = app;
			};
			name = Release;
		};
/* End XCBuildConfiguration section */

/* Begin XCConfigurationList section */
		F8316E1C16F1D6CE004AFF07 /* Build configuration list for PBXProject "SimUtility" */ = {
			isa = XCConfigurationList;
			buildConfigurations = (
				F8316E3C16F1D6CE004AFF07 /* Debug */,
				F8316E3D16F1D6CE004AFF07 /* Release */,
			);
			defaultConfigurationIsVisible = 0;
			defaultConfigurationName = Release;
		};
		F8316E3E16F1D6CE004AFF07 /* Build configuration list for PBXNativeTarget "SimUtility" */ = {
			isa = XCConfigurationList;
			buildConfigurations = (
				F8316E3F16F1D6CE004AFF07 /* Debug */,
				F8316E4016F1D6CE004AFF07 /* Release */,
			);
			defaultConfigurationIsVisible = 0;
			defaultConfigurationName = Release;
		};
/* End XCConfigurationList section */
	};
	rootObject = F8316E1916F1D6CE004AFF07 /* Project object */;
}
