// !$*UTF8*$!
{
	archiveVersion = 1;
	classes = {
	};
	objectVersion = 46;
	objects = {

/* Begin PBXBuildFile section */
		F8316E2516F1D6CE004AFF07 /* UIKit.framework in Frameworks */ = {isa = PBXBuildFile; fileRef = F8316E2416F1D6CE004AFF07 /* UIKit.framework */; };
		F8316E2716F1D6CE004AFF07 /* Foundation.framework in Frameworks */ = {isa = PBXBuildFile; fileRef = F8316E2616F1D6CE004AFF07 /* Foundation.framework */; };
		F8316E2916F1D6CE004AFF07 /* CoreGraphics.framework in Frameworks */ = {isa = PBXBuildFile; fileRef = F8316E2816F1D6CE004AFF07 /* CoreGraphics.framework */; };
		F8316E2F16F1D6CE004AFF07 /* InfoPlist.strings in Resources */ = {isa = PBXBuildFile; fileRef = F8316E2D16F1D6CE004AFF07 /* InfoPlist.strings */; };
		F8316E3116F1D6CE004AFF07 /* main.m in Sources */ = {isa = PBXBuildFile; fileRef = F8316E3016F1D6CE004AFF07 /* main.m */; };
		F8316E3516F1D6CE004AFF07 /* SimAppDelegate.m in Sources */ = {isa = PBXBuildFile; fileRef = F8316E3416F1D6CE004AFF07 /* SimAppDelegate.m */; };
		F8316E3716F1D6CE004AFF07 /* Default.png in Resources */ = {isa = PBXBuildFile; fileRef = F8316E3616F1D6CE004AFF07 /* Default.png */; };
		F8316E3916F1D6CE004AFF07 /* Default@2x.png in Resources */ = {isa = PBXBuildFile; fileRef = F8316E3816F1D6CE004AFF07 /* Default@2x.png */; };
		F8316E3B16F1D6CE004AFF07 /* Default-568h@2x.png in Resources */ = {isa = PBXBuildFile; fileRef = F8316E3A16F1D6CE004AFF07 /* Default-568h@2x.png */; };
/* End PBXBuildFile section */

/* Begin PBXFileReference section */
		F8316E2116F1D6CE004AFF07 /* SimUtility.app */ = {isa = PBXFileReference; explicitFileType = wrapper.application; includeInIndex = 0; path = SimUtility.app; sourceTree = BUILT_PRODUCTS_DIR; };
		F8316E2416F1D6CE004AFF07 /* UIKit.framework */ = {isa = PBXFileReference; lastKnownFileType = wrapper.framework; name = UIKit.framework; path = System/Library/Frameworks/UIKit.framework; sourceTree = SDKROOT; };
		F8316E2616F1D6CE004AFF07 /* Foundation.framework */ = {isa = PBXFileReference; lastKnownFileType = wrapper.framework; name = Foundation.framework; path = System/Library/Frameworks/Foundation.framework; sourceTree = SDKROOT; };
		F8316E2816F1D6CE004AFF07 /* CoreGraphics.framework */ = {isa = PBXFileReference; lastKnownFileType = wrapper.framework; name = CoreGraphics.framework; path = System/Library/Frameworks/CoreGraphics.framework; sourceTree = SDKROOT; };
		F8316E2C16F1D6CE004AFF07 /* SimUtility-Info.plist */ = {isa = PBXFileReference; lastKnownFileType = text.plist.xml; path = "SimUtility-Info.plist"; sourceTree = "<group>"; };
		F8316E2E16F1D6CE004AFF07 /* en */ = {isa = PBXFileReference; lastKnownFileType = text.plist.strings; name = en; path = en.lproj/InfoPlist.strings; sourceTree = "<group>"; };
		F8316E3016F1D6CE004AFF07 /* main.m */ = {isa = PBXFileReference; lastKnownFileType = sourcecode.c.objc; path = main.m; sourceTree = "<group>"; };
		F8316E3216F1D6CE004AFF07 /* SimUtility-Prefix.pch */ = {isa = PBXFileReference; lastKnownFileType = sourcecode.c.h; path = "SimUtility-Prefix.pch"; sourceTree = "<group>"; };
		F8316E3316F1D6CE004AFF07 /* SimAppDelegate.h */ = {isa = PBXFileReference; lastKnownFileType = sourcecode.c.h; path = SimAppDelegate.h; sourceTree = "<group>"; };
		F8316E3416F1D6CE004AFF07 /* SimAppDelegate.m */ = {isa = PBXFileReference; lastKnownFileType = sourcecode.c.objc; path = SimAppDelegate.m; sourceTree = "<group>"; };
		F8316E3616F1D6CE004AFF07 /* Default.png */ = {isa = PBXFileReference; lastKnownFileType = image.png; path = Default.png; sourceTree = "<group>"; };
		F8316E3816F1D6CE004AFF07 /* Default@2x.png */ = {isa = PBXFileReference; lastKnownFileType = image.png; path = "Default@2x.png"; sourceTree = "<group>"; };
		F8316E3A16F1D6CE004AFF07 /* Default-568h@2x.png */ = {isa = PBXFileReference; lastKnownFileType = image.png; path = "Default-568h@2x.png"; sourceTree = "<group>"; };
/* End PBXFileReference section */

/* Begin PBXFrameworksBuildPhase section */
		F8316E1E16F1D6CE004AFF07 /* Frameworks */ = {
			isa = PBXFrameworksBuildPhase;
			buildActionMask = 2147483647;
			files = (
				F8316E2516F1D6CE004AFF07 /* UIKit.framework in Frameworks */,
				F8316E2716F1D6CE004AFF07 /* Foundation.framework in Frameworks */,
				F8316E2916F1D6CE004AFF07 /* CoreGraphics.framework in Frameworks */,
			);
			runOnlyForDeploymentPostprocessing = 0;
		};
/* End PBXFrameworksBuildPhase section */

/* Begin PBXGroup section */
		F8316E1816F1D6CE004AFF07 = {
			isa = PBXGroup;
			children = (
				F8316E2A16F1D6CE004AFF07 /* SimUtility */,
				F8316E2316F1D6CE004AFF07 /* Frameworks */,
				F8316E2216F1D6CE004AFF07 /* Products */,
			);
			sourceTree = "<group>";
		};
		F8316E2216F1D6CE004AFF07 /* Products */ = {
			isa = PBXGroup;
			children = (
				F8316E2116F1D6CE004AFF07 /* SimUtility.app */,
			);
			name = Products;
			sourceTree = "<group>";
		};
		F8316E2316F1D6CE004AFF07 /* Frameworks */ = {
			isa = PBXGroup;
			children = (
				F8316E2416F1D6CE004AFF07 /* UIKit.framework */,
				F8316E2616F1D6CE004AFF07 /* Foundation.framework */,
				F8316E2816F1D6CE004AFF07 /* CoreGraphics.framework */,
			);
			name = Frameworks;
			sourceTree = "<group>";
		};
		F8316E2A16F1D6CE004AFF07 /* SimUtility */ = {
			isa = PBXGroup;
			children = (
				F8316E3316F1D6CE004AFF07 /* SimAppDelegate.h */,
				F8316E3416F1D6CE004AFF07 /* SimAppDelegate.m */,
				F8316E2B16F1D6CE004AFF07 /* Supporting Files */,
			);
			path = SimUtility;
			sourceTree = "<group>";
		};
		F8316E2B16F1D6CE004AFF07 /* Supporting Files */ = {
			isa = PBXGroup;
			children = (
				F8316E2C16F1D6CE004AFF07 /* SimUtility-Info.plist */,
				F8316E2D16F1D6CE004AFF07 /* InfoPlist.strings */,
				F8316E3016F1D6CE004AFF07 /* main.m */,
				F8316E3216F1D6CE004AFF07 /* SimUtility-Prefix.pch */,
				F8316E3616F1D6CE004AFF07 /* Default.png */,
				F8316E3816F1D6CE004AFF07 /* Default@2x.png */,
				F8316E3A16F1D6CE004AFF07 /* Default-568h@2x.png */,
			);
			name = "Supporting Files";
			sourceTree = "<group>";
		};
/* End PBXGroup section */

/* Begin PBXNativeTarget section */
		F8316E2016F1D6CE004AFF07 /* SimUtility */ = {
			isa = PBXNativeTarget;
			buildConfigurationList = F8316E3E16F1D6CE004AFF07 /* Build configuration list for PBXNativeTarget "SimUtility" */;
			buildPhases = (
				F8316E1D16F1D6CE004AFF07 /* Sources */,
				F8316E1E16F1D6CE004AFF07 /* Frameworks */,
				F8316E1F16F1D6CE004AFF07 /* Resources */,
			);
			buildRules = (
			);
			dependencies = (
			);
			name = SimUtility;
			productName = SimUtility;
			productReference = F8316E2116F1D6CE004AFF07 /* SimUtility.app */;
			productType = "com.apple.product-type.application";
		};
/* End PBXNativeTarget section */

/* Begin PBXProject section */
		F8316E1916F1D6CE004AFF07 /* Project object */ = {
			isa = PBXProject;
			attributes = {
				CLASSPREFIX = Sim;
				LastUpgradeCheck = 0460;
			};
			buildConfigurationList = F8316E1C16F1D6CE004AFF07 /* Build configuration list for PBXProject "SimUtility" */;
			compatibilityVersion = "Xcode 3.2";
			developmentRegion = English;
			hasScannedForEncodings = 0;
			knownRegions = (
				en,
			);
			mainGroup = F8316E1816F1D6CE004AFF07;
			productRefGroup = F8316E2216F1D6CE004AFF07 /* Products */;
			projectDirPath = "";
			projectRoot = "";
			targets = (
				F8316E2016F1D6CE004AFF07 /* SimUtility */,
			);
		};
/* End PBXProject section */

/* Begin PBXResourcesBuildPhase section */
		F8316E1F16F1D6CE004AFF07 /* Resources */ = {
			isa = PBXResourcesBuildPhase;
			buildActionMask = 2147483647;
			files = (
				F8316E2F16F1D6CE004AFF07 /* InfoPlist.strings in Resources */,
				F8316E3716F1D6CE004AFF07 /* Default.png in Resources */,
				F8316E3916F1D6CE004AFF07 /* Default@2x.png in Resources */,
				F8316E3B16F1D6CE004AFF07 /* Default-568h@2x.png in Resources */,
			);
			runOnlyForDeploymentPostprocessing = 0;
		};
/* End PBXResourcesBuildPhase section */

/* Begin PBXSourcesBuildPhase section */
		F8316E1D16F1D6CE004AFF07 /* Sources */ = {
			isa = PBXSourcesBuildPhase;
			buildActionMask = 2147483647;
			files = (
				F8316E3116F1D6CE004AFF07 /* main.m in Sources */,
				F8316E3516F1D6CE004AFF07 /* SimAppDelegate.m in Sources */,
			);
			runOnlyForDeploymentPostprocessing = 0;
		};
/* End PBXSourcesBuildPhase section */

/* Begin PBXVariantGroup section */
		F8316E2D16F1D6CE004AFF07 /* InfoPlist.strings */ = {
			isa = PBXVariantGroup;
			children = (
				F8316E2E16F1D6CE004AFF07 /* en */,
			);
			name = InfoPlist.strings;
			sourceTree = "<group>";
		};
/* End PBXVariantGroup section */

/* Begin XCBuildConfiguration section */
		F8316E3C16F1D6CE004AFF07 /* Debug */ = {
			isa = XCBuildConfiguration;
			buildSettings = {
				ALWAYS_SEARCH_USER_PATHS = NO;
				CLANG_CXX_LANGUAGE_STANDARD = "gnu++0x";
				CLANG_CXX_LIBRARY = "libc++";
				CLANG_WARN_CONSTANT_CONVERSION = YES;
				CLANG_WARN_EMPTY_BODY = YES;
				CLANG_WARN_ENUM_CONVERSION = YES;
				CLANG_WARN_INT_CONVERSION = YES;
				CLANG_WARN__DUPLICATE_METHOD_MATCH = YES;
				"CODE_SIGN_IDENTITY[sdk=iphoneos*]" = "iPhone Developer";
				COPY_PHASE_STRIP = NO;
				GCC_C_LANGUAGE_STANDARD = gnu99;
				GCC_DYNAMIC_NO_PIC = NO;
				GCC_OPTIMIZATION_LEVEL = 0;
				GCC_PREPROCESSOR_DEFINITIONS = (
					"DEBUG=1",
					"$(inherited)",
				);
				GCC_SYMBOLS_PRIVATE_EXTERN = NO;
				GCC_WARN_ABOUT_RETURN_TYPE = YES;
				GCC_WARN_UNINITIALIZED_AUTOS = YES;
				GCC_WARN_UNUSED_VARIABLE = YES;
				IPHONEOS_DEPLOYMENT_TARGET = 6.1;
				ONLY_ACTIVE_ARCH = YES;
				SDKROOT = iphoneos;
				TARGETED_DEVICE_FAMILY = "1,2";
			};
			name = Debug;
		};
		F8316E3D16F1D6CE004AFF07 /* Release */ = {
			isa = XCBuildConfiguration;
			buildSettings = {
				ALWAYS_SEARCH_USER_PATHS = NO;
				CLANG_CXX_LANGUAGE_STANDARD = "gnu++0x";
				CLANG_CXX_LIBRARY = "libc++";
				CLANG_WARN_CONSTANT_CONVERSION = YES;
				CLANG_WARN_EMPTY_BODY = YES;
				CLANG_WARN_ENUM_CONVERSION = YES;
				CLANG_WARN_INT_CONVERSION = YES;
				CLANG_WARN__DUPLICATE_METHOD_MATCH = YES;
				"CODE_SIGN_IDENTITY[sdk=iphoneos*]" = "iPhone Developer";
				COPY_PHASE_STRIP = YES;
				GCC_C_LANGUAGE_STANDARD = gnu99;
				GCC_WARN_ABOUT_RETURN_TYPE = YES;
				GCC_WARN_UNINITIALIZED_AUTOS = YES;
				GCC_WARN_UNUSED_VARIABLE = YES;
				IPHONEOS_DEPLOYMENT_TARGET = 6.1;
				OTHER_CFLAGS = "-DNS_BLOCK_ASSERTIONS=1";
				SDKROOT = iphoneos;
				TARGETED_DEVICE_FAMILY = "1,2";
				VALIDATE_PRODUCT = YES;
			};
			name = Release;
		};
		F8316E3F16F1D6CE004AFF07 /* Debug */ = {
			isa = XCBuildConfiguration;
			buildSettings = {
				GCC_PRECOMPILE_PREFIX_HEADER = YES;
				GCC_PREFIX_HEADER = "SimUtility/SimUtility-Prefix.pch";
				INFOPLIST_FILE = "SimUtility/SimUtility-Info.plist";
				PRODUCT_NAME = "$(TARGET_NAME)";
				WRAPPER_EXTENSION = app;
			};
			name = Debug;
		};
		F8316E4016F1D6CE004AFF07 /* Release */ = {
			isa = XCBuildConfiguration;
			buildSettings = {
				GCC_PRECOMPILE_PREFIX_HEADER = YES;
				GCC_PREFIX_HEADER = "SimUtility/SimUtility-Prefix.pch";
				INFOPLIST_FILE = "SimUtility/SimUtility-Info.plist";
				PRODUCT_NAME = "$(TARGET_NAME)";
				WRAPPER_EXTENSION = app;
			};
			name = Release;
		};
/* End XCBuildConfiguration section */

/* Begin XCConfigurationList section */
		F8316E1C16F1D6CE004AFF07 /* Build configuration list for PBXProject "SimUtility" */ = {
			isa = XCConfigurationList;
			buildConfigurations = (
				F8316E3C16F1D6CE004AFF07 /* Debug */,
				F8316E3D16F1D6CE004AFF07 /* Release */,
			);
			defaultConfigurationIsVisible = 0;
			defaultConfigurationName = Release;
		};
		F8316E3E16F1D6CE004AFF07 /* Build configuration list for PBXNativeTarget "SimUtility" */ = {
			isa = XCConfigurationList;
			buildConfigurations = (
				F8316E3F16F1D6CE004AFF07 /* Debug */,
				F8316E4016F1D6CE004AFF07 /* Release */,
			);
			defaultConfigurationIsVisible = 0;
			defaultConfigurationName = Release;
		};
/* End XCConfigurationList section */
	};
	rootObject = F8316E1916F1D6CE004AFF07 /* Project object */;
}
